
Microsoft Visual Studio Solution File, Format Version 12.00
# Visual Studio Version 16
VisualStudioVersion = 16.0.29418.71
MinimumVisualStudioVersion = 10.0.40219.1
Project("{FAE04EC0-301F-11D3-BF4B-00C04F79EFBC}") = "MiniProjetDOTNET2020", "MiniProjetDOTNET2020\MiniProjetDOTNET2020.csproj", "{A3BA6CFF-D711-4FFB-B596-F605D538D94B}"
EndProject
Project("{FAE04EC0-301F-11D3-BF4B-00C04F79EFBC}") = "EntityBiblio", "EntityBiblio\EntityBiblio.csproj", "{4357B8F0-B199-4AAB-9F61-C6BC46995C67}"
EndProject
Project("{FAE04EC0-301F-11D3-BF4B-00C04F79EFBC}") = "ContextLibrary", "ContextLibrary\ContextLibrary.csproj", "{C3BD675E-0305-4C91-A74E-041399284965}"
EndProject
Global
	GlobalSection(SolutionConfigurationPlatforms) = preSolution
		Debug|Any CPU = Debug|Any CPU
		Release|Any CPU = Release|Any CPU
	EndGlobalSection
	GlobalSection(ProjectConfigurationPlatforms) = postSolution
		{A3BA6CFF-D711-4FFB-B596-F605D538D94B}.Debug|Any CPU.ActiveCfg = Debug|Any CPU
		{A3BA6CFF-D711-4FFB-B596-F605D538D94B}.Debug|Any CPU.Build.0 = Debug|Any CPU
		{A3BA6CFF-D711-4FFB-B596-F605D538D94B}.Release|Any CPU.ActiveCfg = Release|Any CPU
		{A3BA6CFF-D711-4FFB-B596-F605D538D94B}.Release|Any CPU.Build.0 = Release|Any CPU
		{4357B8F0-B199-4AAB-9F61-C6BC46995C67}.Debug|Any CPU.ActiveCfg = Debug|Any CPU
		{4357B8F0-B199-4AAB-9F61-C6BC46995C67}.Debug|Any CPU.Build.0 = Debug|Any CPU
		{4357B8F0-B199-4AAB-9F61-C6BC46995C67}.Release|Any CPU.ActiveCfg = Release|Any CPU
		{4357B8F0-B199-4AAB-9F61-C6BC46995C67}.Release|Any CPU.Build.0 = Release|Any CPU
		{C3BD675E-0305-4C91-A74E-041399284965}.Debug|Any CPU.ActiveCfg = Debug|Any CPU
		{C3BD675E-0305-4C91-A74E-041399284965}.Debug|Any CPU.Build.0 = Debug|Any CPU
		{C3BD675E-0305-4C91-A74E-041399284965}.Release|Any CPU.ActiveCfg = Release|Any CPU
		{C3BD675E-0305-4C91-A74E-041399284965}.Release|Any CPU.Build.0 = Release|Any CPU
	EndGlobalSection
	GlobalSection(SolutionProperties) = preSolution
		HideSolutionNode = FALSE
	EndGlobalSection
	GlobalSection(ExtensibilityGlobals) = postSolution
		SolutionGuid = {E1E172D7-FFB7-4A27-85A9-8309871D8E0D}
	EndGlobalSection
EndGlobal
